
Microsoft Visual Studio Solution File, Format Version 12.00
# Visual Studio Version 16
VisualStudioVersion = 16.0.28803.156
MinimumVisualStudioVersion = 10.0.40219.1
Project("{FAE04EC0-301F-11D3-BF4B-00C04F79EFBC}") = "FF10-2", "FF10-2\FF10-2.csproj", "{6EE396E8-6BE7-4006-B32F-34773611FC6E}"
EndProject
Global
	GlobalSection(SolutionConfigurationPlatforms) = preSolution
		Debug|Any CPU = Debug|Any CPU
		Release|Any CPU = Release|Any CPU
	EndGlobalSection
	GlobalSection(ProjectConfigurationPlatforms) = postSolution
		{6EE396E8-6BE7-4006-B32F-34773611FC6E}.Debug|Any CPU.ActiveCfg = Debug|Any CPU
		{6EE396E8-6BE7-4006-B32F-34773611FC6E}.Debug|Any CPU.Build.0 = Debug|Any CPU
		{6EE396E8-6BE7-4006-B32F-34773611FC6E}.Release|Any CPU.ActiveCfg = Release|Any CPU
		{6EE396E8-6BE7-4006-B32F-34773611FC6E}.Release|Any CPU.Build.0 = Release|Any CPU
	EndGlobalSection
	GlobalSection(SolutionProperties) = preSolution
		HideSolutionNode = FALSE
	EndGlobalSection
	GlobalSection(ExtensibilityGlobals) = postSolution
		SolutionGuid = {16D45058-FE88-41B6-9094-03CF0D0FDF2D}
	EndGlobalSection
EndGlobal
